
Microsoft Visual Studio Solution File, Format Version 12.00
# Visual Studio Version 16
VisualStudioVersion = 16.6.30114.105
MinimumVisualStudioVersion = 10.0.40219.1
Project("{9A19103F-16F7-4668-BE54-9A1E7A4F7556}") = "ModBot.Bot", "ModBot.Bot\ModBot.Bot.csproj", "{4A695556-4EFA-45DF-A623-D4D7CB12BA74}"
EndProject
Project("{9A19103F-16F7-4668-BE54-9A1E7A4F7556}") = "ModBot.Domain", "ModBot.Domain\ModBot.Domain.csproj", "{7E0A7FA3-A443-4F9C-B5A7-3102B449CC6D}"
EndProject
Project("{9A19103F-16F7-4668-BE54-9A1E7A4F7556}") = "ModBot.Business", "ModBot.Business\ModBot.Business.csproj", "{82FCEEAF-AA49-4EB2-8131-8F9F4231E82D}"
EndProject
Project("{9A19103F-16F7-4668-BE54-9A1E7A4F7556}") = "ModBot.DAL", "ModBot.DAL\ModBot.DAL.csproj", "{596542BA-2218-42FC-B77F-357926AD70F4}"
EndProject
Project("{9A19103F-16F7-4668-BE54-9A1E7A4F7556}") = "ModBot.API", "ModBot.API\ModBot.API.csproj", "{A1F30E6F-0760-4B37-BD2E-C7F33B48C1B8}"
EndProject
Project("{9A19103F-16F7-4668-BE54-9A1E7A4F7556}") = "ModBot.WebClient", "ModBot.WebClient\ModBot.WebClient.csproj", "{769F9172-F363-444E-87FA-FBB7ED602B29}"
EndProject
Project("{9A19103F-16F7-4668-BE54-9A1E7A4F7556}") = "ModBot.Testing", "ModBot.Testing\ModBot.Testing.csproj", "{F2FB23A6-A217-4D54-8F4B-5A3A9159A9B2}"
EndProject
Global
	GlobalSection(SolutionConfigurationPlatforms) = preSolution
		Debug|Any CPU = Debug|Any CPU
		Release|Any CPU = Release|Any CPU
	EndGlobalSection
	GlobalSection(ProjectConfigurationPlatforms) = postSolution
		{4A695556-4EFA-45DF-A623-D4D7CB12BA74}.Debug|Any CPU.ActiveCfg = Debug|Any CPU
		{4A695556-4EFA-45DF-A623-D4D7CB12BA74}.Debug|Any CPU.Build.0 = Debug|Any CPU
		{4A695556-4EFA-45DF-A623-D4D7CB12BA74}.Release|Any CPU.ActiveCfg = Release|Any CPU
		{4A695556-4EFA-45DF-A623-D4D7CB12BA74}.Release|Any CPU.Build.0 = Release|Any CPU
		{7E0A7FA3-A443-4F9C-B5A7-3102B449CC6D}.Debug|Any CPU.ActiveCfg = Debug|Any CPU
		{7E0A7FA3-A443-4F9C-B5A7-3102B449CC6D}.Debug|Any CPU.Build.0 = Debug|Any CPU
		{7E0A7FA3-A443-4F9C-B5A7-3102B449CC6D}.Release|Any CPU.ActiveCfg = Release|Any CPU
		{7E0A7FA3-A443-4F9C-B5A7-3102B449CC6D}.Release|Any CPU.Build.0 = Release|Any CPU
		{82FCEEAF-AA49-4EB2-8131-8F9F4231E82D}.Debug|Any CPU.ActiveCfg = Debug|Any CPU
		{82FCEEAF-AA49-4EB2-8131-8F9F4231E82D}.Debug|Any CPU.Build.0 = Debug|Any CPU
		{82FCEEAF-AA49-4EB2-8131-8F9F4231E82D}.Release|Any CPU.ActiveCfg = Release|Any CPU
		{82FCEEAF-AA49-4EB2-8131-8F9F4231E82D}.Release|Any CPU.Build.0 = Release|Any CPU
		{596542BA-2218-42FC-B77F-357926AD70F4}.Debug|Any CPU.ActiveCfg = Debug|Any CPU
		{596542BA-2218-42FC-B77F-357926AD70F4}.Debug|Any CPU.Build.0 = Debug|Any CPU
		{596542BA-2218-42FC-B77F-357926AD70F4}.Release|Any CPU.ActiveCfg = Release|Any CPU
		{596542BA-2218-42FC-B77F-357926AD70F4}.Release|Any CPU.Build.0 = Release|Any CPU
		{A1F30E6F-0760-4B37-BD2E-C7F33B48C1B8}.Debug|Any CPU.ActiveCfg = Debug|Any CPU
		{A1F30E6F-0760-4B37-BD2E-C7F33B48C1B8}.Debug|Any CPU.Build.0 = Debug|Any CPU
		{A1F30E6F-0760-4B37-BD2E-C7F33B48C1B8}.Release|Any CPU.ActiveCfg = Release|Any CPU
		{A1F30E6F-0760-4B37-BD2E-C7F33B48C1B8}.Release|Any CPU.Build.0 = Release|Any CPU
		{769F9172-F363-444E-87FA-FBB7ED602B29}.Debug|Any CPU.ActiveCfg = Debug|Any CPU
		{769F9172-F363-444E-87FA-FBB7ED602B29}.Debug|Any CPU.Build.0 = Debug|Any CPU
		{769F9172-F363-444E-87FA-FBB7ED602B29}.Release|Any CPU.ActiveCfg = Release|Any CPU
		{769F9172-F363-444E-87FA-FBB7ED602B29}.Release|Any CPU.Build.0 = Release|Any CPU
		{F2FB23A6-A217-4D54-8F4B-5A3A9159A9B2}.Debug|Any CPU.ActiveCfg = Debug|Any CPU
		{F2FB23A6-A217-4D54-8F4B-5A3A9159A9B2}.Debug|Any CPU.Build.0 = Debug|Any CPU
		{F2FB23A6-A217-4D54-8F4B-5A3A9159A9B2}.Release|Any CPU.ActiveCfg = Release|Any CPU
		{F2FB23A6-A217-4D54-8F4B-5A3A9159A9B2}.Release|Any CPU.Build.0 = Release|Any CPU
	EndGlobalSection
	GlobalSection(SolutionProperties) = preSolution
		HideSolutionNode = FALSE
	EndGlobalSection
	GlobalSection(ExtensibilityGlobals) = postSolution
		SolutionGuid = {374070ED-C67A-4AF9-9F7D-A8EED71F92CC}
	EndGlobalSection
EndGlobal
